{
    "_meta": {
        "hash": {
            "sha256": "22399d3351233fbb3bb89d80ad359f9a85d50bdad9aea095968fae1c3b308486"
        },
        "pipfile-spec": 6,
        "requires": {
            "python_version": "3.6"
        },
        "sources": [
            {
                "name": "pypi",
                "url": "https://pypi.org/simple",
                "verify_ssl": true
            }
        ]
    },
    "default": {},
    "develop": {
        "addicted3": {
            "hashes": [
                "sha256:44214444b8daf1c75f42d83d472aa91ce25d09ffcb1701d416dd2e432081efd9"
            ],
            "version": "==0.1.0"
        },
        "e1839a8": {
            "editable": true,
            "path": "."
        },
        "python-dateutil": {
            "hashes": [
                "sha256:1adb80e7a782c12e52ef9a8182bebeb73f1d7e24e374397af06fb4956c8dc5c0",
                "sha256:e27001de32f627c22380a688bcc43ce83504a7bc5da472209b4c70f02829f0b8"
            ],
            "version": "==2.7.3"
        },
        "python-slugify": {
            "hashes": [
                "sha256:5dbb360b882b2dabe0471a1a92f604504d83c2a73c71f2098d004ab62e695534"
            ],
            "version": "==1.2.5"
        },
        "six": {
            "hashes": [
                "sha256:70e8a77beed4562e7f14fe23a786b54f6296e34344c23bc42f07b15018ff98e9",
                "sha256:832dc0e10feb1aa2c68dcc57dbb658f1c7e65b9b61af69048abc87a2db00a0eb"
            ],
            "version": "==1.11.0"
        },
        "unidecode": {
            "hashes": [
                "sha256:72f49d3729f3d8f5799f710b97c1451c5163102e76d64d20e170aedbbd923582",
                "sha256:8c33dd588e0c9bc22a76eaa0c715a5434851f726131bd44a6c26471746efabf5"
            ],
            "version": "==1.0.22"
        }
    }
}
